
Microsoft Visual Studio Solution File, Format Version 12.00
# Visual Studio Version 16
VisualStudioVersion = 16.0.31112.23
MinimumVisualStudioVersion = 10.0.40219.1
Project("{FAE04EC0-301F-11D3-BF4B-00C04F79EFBC}") = "ConsoleApp1", "ConsoleApp1\ConsoleApp1.csproj", "{366054A9-D231-4F78-9825-EB6E325F7069}"
EndProject
Global
	GlobalSection(SolutionConfigurationPlatforms) = preSolution
		Debug|Any CPU = Debug|Any CPU
		Release|Any CPU = Release|Any CPU
	EndGlobalSection
	GlobalSection(ProjectConfigurationPlatforms) = postSolution
		{366054A9-D231-4F78-9825-EB6E325F7069}.Debug|Any CPU.ActiveCfg = Debug|Any CPU
		{366054A9-D231-4F78-9825-EB6E325F7069}.Debug|Any CPU.Build.0 = Debug|Any CPU
		{366054A9-D231-4F78-9825-EB6E325F7069}.Release|Any CPU.ActiveCfg = Release|Any CPU
		{366054A9-D231-4F78-9825-EB6E325F7069}.Release|Any CPU.Build.0 = Release|Any CPU
	EndGlobalSection
	GlobalSection(SolutionProperties) = preSolution
		HideSolutionNode = FALSE
	EndGlobalSection
	GlobalSection(ExtensibilityGlobals) = postSolution
		SolutionGuid = {C5D62B6A-38D2-400C-AA65-36E6CB7C3250}
	EndGlobalSection
EndGlobal
